
Microsoft Visual Studio Solution File, Format Version 12.00
# Visual Studio Version 17
VisualStudioVersion = 17.13.35931.197 d17.13
MinimumVisualStudioVersion = 10.0.40219.1
Project("{FAE04EC0-301F-11D3-BF4B-00C04F79EFBC}") = "ExpenseApprovalSystem", "ExpenseApprovalSystem.csproj", "{3BABCB98-B650-4FFD-8667-B0C21826D01D}"
EndProject
Project("{FAE04EC0-301F-11D3-BF4B-00C04F79EFBC}") = "ExpenseApprovalSystem.API", "ExpenseApprovalSystem.API\ExpenseApprovalSystem.API.csproj", "{AC3D2C65-D9CE-43EE-8A95-FD54EF48BB9B}"
EndProject
Project("{FAE04EC0-301F-11D3-BF4B-00C04F79EFBC}") = "ExpenseApprovalSystem.Application", "ExpenseApprovalSystem.Application\ExpenseApprovalSystem.Application.csproj", "{61200D02-17B8-414D-85C4-B6D559501C11}"
EndProject
Project("{FAE04EC0-301F-11D3-BF4B-00C04F79EFBC}") = "ExpenseApprovalSystem.Domain", "ExpenseApprovalSystem.Domain\ExpenseApprovalSystem.Domain.csproj", "{37E6672A-DC79-4CDA-AAC0-DA64FED814E6}"
EndProject
Project("{FAE04EC0-301F-11D3-BF4B-00C04F79EFBC}") = "ExpenseApprovalSystem.Infrastructure", "ExpenseApprovalSystem.Infrastructure\ExpenseApprovalSystem.Infrastructure.csproj", "{9FE36A3C-8C9D-4942-A843-05D563AB6EAA}"
EndProject
Global
	GlobalSection(SolutionConfigurationPlatforms) = preSolution
		Debug|Any CPU = Debug|Any CPU
		Release|Any CPU = Release|Any CPU
	EndGlobalSection
	GlobalSection(ProjectConfigurationPlatforms) = postSolution
		{3BABCB98-B650-4FFD-8667-B0C21826D01D}.Debug|Any CPU.ActiveCfg = Debug|Any CPU
		{3BABCB98-B650-4FFD-8667-B0C21826D01D}.Debug|Any CPU.Build.0 = Debug|Any CPU
		{3BABCB98-B650-4FFD-8667-B0C21826D01D}.Release|Any CPU.ActiveCfg = Release|Any CPU
		{3BABCB98-B650-4FFD-8667-B0C21826D01D}.Release|Any CPU.Build.0 = Release|Any CPU
		{AC3D2C65-D9CE-43EE-8A95-FD54EF48BB9B}.Debug|Any CPU.ActiveCfg = Debug|Any CPU
		{AC3D2C65-D9CE-43EE-8A95-FD54EF48BB9B}.Debug|Any CPU.Build.0 = Debug|Any CPU
		{AC3D2C65-D9CE-43EE-8A95-FD54EF48BB9B}.Release|Any CPU.ActiveCfg = Release|Any CPU
		{AC3D2C65-D9CE-43EE-8A95-FD54EF48BB9B}.Release|Any CPU.Build.0 = Release|Any CPU
		{61200D02-17B8-414D-85C4-B6D559501C11}.Debug|Any CPU.ActiveCfg = Debug|Any CPU
		{61200D02-17B8-414D-85C4-B6D559501C11}.Debug|Any CPU.Build.0 = Debug|Any CPU
		{61200D02-17B8-414D-85C4-B6D559501C11}.Release|Any CPU.ActiveCfg = Release|Any CPU
		{61200D02-17B8-414D-85C4-B6D559501C11}.Release|Any CPU.Build.0 = Release|Any CPU
		{37E6672A-DC79-4CDA-AAC0-DA64FED814E6}.Debug|Any CPU.ActiveCfg = Debug|Any CPU
		{37E6672A-DC79-4CDA-AAC0-DA64FED814E6}.Debug|Any CPU.Build.0 = Debug|Any CPU
		{37E6672A-DC79-4CDA-AAC0-DA64FED814E6}.Release|Any CPU.ActiveCfg = Release|Any CPU
		{37E6672A-DC79-4CDA-AAC0-DA64FED814E6}.Release|Any CPU.Build.0 = Release|Any CPU
		{9FE36A3C-8C9D-4942-A843-05D563AB6EAA}.Debug|Any CPU.ActiveCfg = Debug|Any CPU
		{9FE36A3C-8C9D-4942-A843-05D563AB6EAA}.Debug|Any CPU.Build.0 = Debug|Any CPU
		{9FE36A3C-8C9D-4942-A843-05D563AB6EAA}.Release|Any CPU.ActiveCfg = Release|Any CPU
		{9FE36A3C-8C9D-4942-A843-05D563AB6EAA}.Release|Any CPU.Build.0 = Release|Any CPU
	EndGlobalSection
	GlobalSection(SolutionProperties) = preSolution
		HideSolutionNode = FALSE
	EndGlobalSection
	GlobalSection(ExtensibilityGlobals) = postSolution
		SolutionGuid = {F4ADB53D-714E-46DD-9C27-884861A90158}
	EndGlobalSection
EndGlobal
