
Microsoft Visual Studio Solution File, Format Version 12.00
# Visual Studio Version 17
VisualStudioVersion = 17.13.35931.197
MinimumVisualStudioVersion = 10.0.40219.1
Project("{FAE04EC0-301F-11D3-BF4B-00C04F79EFBC}") = "ExpenseApprovalSystem.Application", "ExpenseApprovalSystem.Application\ExpenseApprovalSystem.Application.csproj", "{61200D02-17B8-414D-85C4-B6D559501C11}"
EndProject
Project("{FAE04EC0-301F-11D3-BF4B-00C04F79EFBC}") = "ExpenseApprovalSystem.Domain", "ExpenseApprovalSystem.Domain\ExpenseApprovalSystem.Domain.csproj", "{37E6672A-DC79-4CDA-AAC0-DA64FED814E6}"
EndProject
Project("{FAE04EC0-301F-11D3-BF4B-00C04F79EFBC}") = "ExpenseApprovalSystem.Infrastructure", "ExpenseApprovalSystem.Infrastructure\ExpenseApprovalSystem.Infrastructure.csproj", "{9FE36A3C-8C9D-4942-A843-05D563AB6EAA}"
EndProject
Project("{FAE04EC0-301F-11D3-BF4B-00C04F79EFBC}") = "ExpenseApprovalSystem.API", "ExpenseApprovalSystem.API\ExpenseApprovalSystem.API.csproj", "{7D576DFF-0B9C-4D83-812D-715E90990B2F}"
EndProject
Global
	GlobalSection(SolutionConfigurationPlatforms) = preSolution
		Debug|Any CPU = Debug|Any CPU
		Debug|x64 = Debug|x64
		Debug|x86 = Debug|x86
		Release|Any CPU = Release|Any CPU
		Release|x64 = Release|x64
		Release|x86 = Release|x86
	EndGlobalSection
	GlobalSection(ProjectConfigurationPlatforms) = postSolution
		{61200D02-17B8-414D-85C4-B6D559501C11}.Debug|Any CPU.ActiveCfg = Debug|Any CPU
		{61200D02-17B8-414D-85C4-B6D559501C11}.Debug|Any CPU.Build.0 = Debug|Any CPU
		{61200D02-17B8-414D-85C4-B6D559501C11}.Debug|x64.ActiveCfg = Debug|Any CPU
		{61200D02-17B8-414D-85C4-B6D559501C11}.Debug|x64.Build.0 = Debug|Any CPU
		{61200D02-17B8-414D-85C4-B6D559501C11}.Debug|x86.ActiveCfg = Debug|Any CPU
		{61200D02-17B8-414D-85C4-B6D559501C11}.Debug|x86.Build.0 = Debug|Any CPU
		{61200D02-17B8-414D-85C4-B6D559501C11}.Release|Any CPU.ActiveCfg = Release|Any CPU
		{61200D02-17B8-414D-85C4-B6D559501C11}.Release|Any CPU.Build.0 = Release|Any CPU
		{61200D02-17B8-414D-85C4-B6D559501C11}.Release|x64.ActiveCfg = Release|Any CPU
		{61200D02-17B8-414D-85C4-B6D559501C11}.Release|x64.Build.0 = Release|Any CPU
		{61200D02-17B8-414D-85C4-B6D559501C11}.Release|x86.ActiveCfg = Release|Any CPU
		{61200D02-17B8-414D-85C4-B6D559501C11}.Release|x86.Build.0 = Release|Any CPU
		{37E6672A-DC79-4CDA-AAC0-DA64FED814E6}.Debug|Any CPU.ActiveCfg = Debug|Any CPU
		{37E6672A-DC79-4CDA-AAC0-DA64FED814E6}.Debug|Any CPU.Build.0 = Debug|Any CPU
		{37E6672A-DC79-4CDA-AAC0-DA64FED814E6}.Debug|x64.ActiveCfg = Debug|Any CPU
		{37E6672A-DC79-4CDA-AAC0-DA64FED814E6}.Debug|x64.Build.0 = Debug|Any CPU
		{37E6672A-DC79-4CDA-AAC0-DA64FED814E6}.Debug|x86.ActiveCfg = Debug|Any CPU
		{37E6672A-DC79-4CDA-AAC0-DA64FED814E6}.Debug|x86.Build.0 = Debug|Any CPU
		{37E6672A-DC79-4CDA-AAC0-DA64FED814E6}.Release|Any CPU.ActiveCfg = Release|Any CPU
		{37E6672A-DC79-4CDA-AAC0-DA64FED814E6}.Release|Any CPU.Build.0 = Release|Any CPU
		{37E6672A-DC79-4CDA-AAC0-DA64FED814E6}.Release|x64.ActiveCfg = Release|Any CPU
		{37E6672A-DC79-4CDA-AAC0-DA64FED814E6}.Release|x64.Build.0 = Release|Any CPU
		{37E6672A-DC79-4CDA-AAC0-DA64FED814E6}.Release|x86.ActiveCfg = Release|Any CPU
		{37E6672A-DC79-4CDA-AAC0-DA64FED814E6}.Release|x86.Build.0 = Release|Any CPU
		{9FE36A3C-8C9D-4942-A843-05D563AB6EAA}.Debug|Any CPU.ActiveCfg = Debug|Any CPU
		{9FE36A3C-8C9D-4942-A843-05D563AB6EAA}.Debug|Any CPU.Build.0 = Debug|Any CPU
		{9FE36A3C-8C9D-4942-A843-05D563AB6EAA}.Debug|x64.ActiveCfg = Debug|Any CPU
		{9FE36A3C-8C9D-4942-A843-05D563AB6EAA}.Debug|x64.Build.0 = Debug|Any CPU
		{9FE36A3C-8C9D-4942-A843-05D563AB6EAA}.Debug|x86.ActiveCfg = Debug|Any CPU
		{9FE36A3C-8C9D-4942-A843-05D563AB6EAA}.Debug|x86.Build.0 = Debug|Any CPU
		{9FE36A3C-8C9D-4942-A843-05D563AB6EAA}.Release|Any CPU.ActiveCfg = Release|Any CPU
		{9FE36A3C-8C9D-4942-A843-05D563AB6EAA}.Release|Any CPU.Build.0 = Release|Any CPU
		{9FE36A3C-8C9D-4942-A843-05D563AB6EAA}.Release|x64.ActiveCfg = Release|Any CPU
		{9FE36A3C-8C9D-4942-A843-05D563AB6EAA}.Release|x64.Build.0 = Release|Any CPU
		{9FE36A3C-8C9D-4942-A843-05D563AB6EAA}.Release|x86.ActiveCfg = Release|Any CPU
		{9FE36A3C-8C9D-4942-A843-05D563AB6EAA}.Release|x86.Build.0 = Release|Any CPU
		{7D576DFF-0B9C-4D83-812D-715E90990B2F}.Debug|Any CPU.ActiveCfg = Debug|Any CPU
		{7D576DFF-0B9C-4D83-812D-715E90990B2F}.Debug|Any CPU.Build.0 = Debug|Any CPU
		{7D576DFF-0B9C-4D83-812D-715E90990B2F}.Debug|x64.ActiveCfg = Debug|Any CPU
		{7D576DFF-0B9C-4D83-812D-715E90990B2F}.Debug|x64.Build.0 = Debug|Any CPU
		{7D576DFF-0B9C-4D83-812D-715E90990B2F}.Debug|x86.ActiveCfg = Debug|Any CPU
		{7D576DFF-0B9C-4D83-812D-715E90990B2F}.Debug|x86.Build.0 = Debug|Any CPU
		{7D576DFF-0B9C-4D83-812D-715E90990B2F}.Release|Any CPU.ActiveCfg = Release|Any CPU
		{7D576DFF-0B9C-4D83-812D-715E90990B2F}.Release|Any CPU.Build.0 = Release|Any CPU
		{7D576DFF-0B9C-4D83-812D-715E90990B2F}.Release|x64.ActiveCfg = Release|Any CPU
		{7D576DFF-0B9C-4D83-812D-715E90990B2F}.Release|x64.Build.0 = Release|Any CPU
		{7D576DFF-0B9C-4D83-812D-715E90990B2F}.Release|x86.ActiveCfg = Release|Any CPU
		{7D576DFF-0B9C-4D83-812D-715E90990B2F}.Release|x86.Build.0 = Release|Any CPU
	EndGlobalSection
	GlobalSection(SolutionProperties) = preSolution
		HideSolutionNode = FALSE
	EndGlobalSection
	GlobalSection(ExtensibilityGlobals) = postSolution
		SolutionGuid = {F4ADB53D-714E-46DD-9C27-884861A90158}
	EndGlobalSection
EndGlobal
